
Microsoft Visual Studio Solution File, Format Version 12.00
# Visual Studio Version 17
VisualStudioVersion = 17.2.32616.157
MinimumVisualStudioVersion = 10.0.40219.1
Project("{FAE04EC0-301F-11D3-BF4B-00C04F79EFBC}") = "ArgumentosEntradaPrograma", "ArgumentosEntradaPrograma\ArgumentosEntradaPrograma.csproj", "{3A232306-9E27-45C7-85ED-CA5DD3DBE36D}"
EndProject
Global
	GlobalSection(SolutionConfigurationPlatforms) = preSolution
		Debug|Any CPU = Debug|Any CPU
		Release|Any CPU = Release|Any CPU
	EndGlobalSection
	GlobalSection(ProjectConfigurationPlatforms) = postSolution
		{3A232306-9E27-45C7-85ED-CA5DD3DBE36D}.Debug|Any CPU.ActiveCfg = Debug|Any CPU
		{3A232306-9E27-45C7-85ED-CA5DD3DBE36D}.Debug|Any CPU.Build.0 = Debug|Any CPU
		{3A232306-9E27-45C7-85ED-CA5DD3DBE36D}.Release|Any CPU.ActiveCfg = Release|Any CPU
		{3A232306-9E27-45C7-85ED-CA5DD3DBE36D}.Release|Any CPU.Build.0 = Release|Any CPU
	EndGlobalSection
	GlobalSection(SolutionProperties) = preSolution
		HideSolutionNode = FALSE
	EndGlobalSection
	GlobalSection(ExtensibilityGlobals) = postSolution
		SolutionGuid = {36965CD2-85BB-4017-A576-0EB7465F74C1}
	EndGlobalSection
EndGlobal
