
Microsoft Visual Studio Solution File, Format Version 12.00
# Visual Studio Version 17
VisualStudioVersion = 17.2.32616.157
MinimumVisualStudioVersion = 10.0.40219.1
Project("{FAE04EC0-301F-11D3-BF4B-00C04F79EFBC}") = "TransferenciaBancária", "TransferenciaBancária\TransferenciaBancária.csproj", "{40C2179E-97C5-4761-9EC1-F4E478BC5326}"
EndProject
Global
	GlobalSection(SolutionConfigurationPlatforms) = preSolution
		Debug|Any CPU = Debug|Any CPU
		Release|Any CPU = Release|Any CPU
	EndGlobalSection
	GlobalSection(ProjectConfigurationPlatforms) = postSolution
		{40C2179E-97C5-4761-9EC1-F4E478BC5326}.Debug|Any CPU.ActiveCfg = Debug|Any CPU
		{40C2179E-97C5-4761-9EC1-F4E478BC5326}.Debug|Any CPU.Build.0 = Debug|Any CPU
		{40C2179E-97C5-4761-9EC1-F4E478BC5326}.Release|Any CPU.ActiveCfg = Release|Any CPU
		{40C2179E-97C5-4761-9EC1-F4E478BC5326}.Release|Any CPU.Build.0 = Release|Any CPU
	EndGlobalSection
	GlobalSection(SolutionProperties) = preSolution
		HideSolutionNode = FALSE
	EndGlobalSection
	GlobalSection(ExtensibilityGlobals) = postSolution
		SolutionGuid = {DC6B504C-32CF-45B1-8181-BDCE8512F189}
	EndGlobalSection
EndGlobal
