
Microsoft Visual Studio Solution File, Format Version 12.00
# Visual Studio Version 17
VisualStudioVersion = 17.3.32804.467
MinimumVisualStudioVersion = 10.0.40219.1
Project("{FAE04EC0-301F-11D3-BF4B-00C04F79EFBC}") = "areas", "areas\areas.csproj", "{966124CE-B73E-417A-864E-C74195B5FD6C}"
EndProject
Global
	GlobalSection(SolutionConfigurationPlatforms) = preSolution
		Debug|Any CPU = Debug|Any CPU
		Release|Any CPU = Release|Any CPU
	EndGlobalSection
	GlobalSection(ProjectConfigurationPlatforms) = postSolution
		{966124CE-B73E-417A-864E-C74195B5FD6C}.Debug|Any CPU.ActiveCfg = Debug|Any CPU
		{966124CE-B73E-417A-864E-C74195B5FD6C}.Debug|Any CPU.Build.0 = Debug|Any CPU
		{966124CE-B73E-417A-864E-C74195B5FD6C}.Release|Any CPU.ActiveCfg = Release|Any CPU
		{966124CE-B73E-417A-864E-C74195B5FD6C}.Release|Any CPU.Build.0 = Release|Any CPU
	EndGlobalSection
	GlobalSection(SolutionProperties) = preSolution
		HideSolutionNode = FALSE
	EndGlobalSection
	GlobalSection(ExtensibilityGlobals) = postSolution
		SolutionGuid = {C3DD6B02-FF57-4571-BEA7-4C3C53A9B228}
	EndGlobalSection
EndGlobal
