
Microsoft Visual Studio Solution File, Format Version 12.00
# Visual Studio Version 17
VisualStudioVersion = 17.2.32616.157
MinimumVisualStudioVersion = 10.0.40219.1
Project("{FAE04EC0-301F-11D3-BF4B-00C04F79EFBC}") = "PassagemPorValorEPorReferencia", "PassagemPorValorEPorReferencia\PassagemPorValorEPorReferencia.csproj", "{A72224C1-C84D-4BEC-B99F-F1383DB0240E}"
EndProject
Global
	GlobalSection(SolutionConfigurationPlatforms) = preSolution
		Debug|Any CPU = Debug|Any CPU
		Release|Any CPU = Release|Any CPU
	EndGlobalSection
	GlobalSection(ProjectConfigurationPlatforms) = postSolution
		{A72224C1-C84D-4BEC-B99F-F1383DB0240E}.Debug|Any CPU.ActiveCfg = Debug|Any CPU
		{A72224C1-C84D-4BEC-B99F-F1383DB0240E}.Debug|Any CPU.Build.0 = Debug|Any CPU
		{A72224C1-C84D-4BEC-B99F-F1383DB0240E}.Release|Any CPU.ActiveCfg = Release|Any CPU
		{A72224C1-C84D-4BEC-B99F-F1383DB0240E}.Release|Any CPU.Build.0 = Release|Any CPU
	EndGlobalSection
	GlobalSection(SolutionProperties) = preSolution
		HideSolutionNode = FALSE
	EndGlobalSection
	GlobalSection(ExtensibilityGlobals) = postSolution
		SolutionGuid = {B794DE24-7A5B-449B-8800-2DC8A4562AD1}
	EndGlobalSection
EndGlobal
