
Microsoft Visual Studio Solution File, Format Version 12.00
# Visual Studio Version 17
VisualStudioVersion = 17.2.32616.157
MinimumVisualStudioVersion = 10.0.40219.1
Project("{FAE04EC0-301F-11D3-BF4B-00C04F79EFBC}") = "MetodoGetUpperLowerBound", "MetodoGetUpperLowerBound\MetodoGetUpperLowerBound.csproj", "{9DB34E0F-1FB6-466D-8AA2-F32B7C1D24A4}"
EndProject
Global
	GlobalSection(SolutionConfigurationPlatforms) = preSolution
		Debug|Any CPU = Debug|Any CPU
		Release|Any CPU = Release|Any CPU
	EndGlobalSection
	GlobalSection(ProjectConfigurationPlatforms) = postSolution
		{9DB34E0F-1FB6-466D-8AA2-F32B7C1D24A4}.Debug|Any CPU.ActiveCfg = Debug|Any CPU
		{9DB34E0F-1FB6-466D-8AA2-F32B7C1D24A4}.Debug|Any CPU.Build.0 = Debug|Any CPU
		{9DB34E0F-1FB6-466D-8AA2-F32B7C1D24A4}.Release|Any CPU.ActiveCfg = Release|Any CPU
		{9DB34E0F-1FB6-466D-8AA2-F32B7C1D24A4}.Release|Any CPU.Build.0 = Release|Any CPU
	EndGlobalSection
	GlobalSection(SolutionProperties) = preSolution
		HideSolutionNode = FALSE
	EndGlobalSection
	GlobalSection(ExtensibilityGlobals) = postSolution
		SolutionGuid = {55BD44C7-9049-4D57-B09A-2EF29C4F8BE1}
	EndGlobalSection
EndGlobal
