
Microsoft Visual Studio Solution File, Format Version 12.00
# Visual Studio Version 17
VisualStudioVersion = 17.2.32616.157
MinimumVisualStudioVersion = 10.0.40219.1
Project("{FAE04EC0-301F-11D3-BF4B-00C04F79EFBC}") = "IndexadoresDeClasses", "IndexadoresDeClasses\IndexadoresDeClasses.csproj", "{CA07CDCD-7D15-4E0F-A7E0-B973B2442219}"
EndProject
Global
	GlobalSection(SolutionConfigurationPlatforms) = preSolution
		Debug|Any CPU = Debug|Any CPU
		Release|Any CPU = Release|Any CPU
	EndGlobalSection
	GlobalSection(ProjectConfigurationPlatforms) = postSolution
		{CA07CDCD-7D15-4E0F-A7E0-B973B2442219}.Debug|Any CPU.ActiveCfg = Debug|Any CPU
		{CA07CDCD-7D15-4E0F-A7E0-B973B2442219}.Debug|Any CPU.Build.0 = Debug|Any CPU
		{CA07CDCD-7D15-4E0F-A7E0-B973B2442219}.Release|Any CPU.ActiveCfg = Release|Any CPU
		{CA07CDCD-7D15-4E0F-A7E0-B973B2442219}.Release|Any CPU.Build.0 = Release|Any CPU
	EndGlobalSection
	GlobalSection(SolutionProperties) = preSolution
		HideSolutionNode = FALSE
	EndGlobalSection
	GlobalSection(ExtensibilityGlobals) = postSolution
		SolutionGuid = {A357BB0D-8761-4EC7-9508-BA5FF0BBAE92}
	EndGlobalSection
EndGlobal
