
Microsoft Visual Studio Solution File, Format Version 12.00
# Visual Studio Version 17
VisualStudioVersion = 17.2.32616.157
MinimumVisualStudioVersion = 10.0.40219.1
Project("{FAE04EC0-301F-11D3-BF4B-00C04F79EFBC}") = "FastFood", "FastFood\FastFood.csproj", "{69FC51F3-3185-4571-93AC-D0A89CEEE3C8}"
EndProject
Global
	GlobalSection(SolutionConfigurationPlatforms) = preSolution
		Debug|Any CPU = Debug|Any CPU
		Release|Any CPU = Release|Any CPU
	EndGlobalSection
	GlobalSection(ProjectConfigurationPlatforms) = postSolution
		{69FC51F3-3185-4571-93AC-D0A89CEEE3C8}.Debug|Any CPU.ActiveCfg = Debug|Any CPU
		{69FC51F3-3185-4571-93AC-D0A89CEEE3C8}.Debug|Any CPU.Build.0 = Debug|Any CPU
		{69FC51F3-3185-4571-93AC-D0A89CEEE3C8}.Release|Any CPU.ActiveCfg = Release|Any CPU
		{69FC51F3-3185-4571-93AC-D0A89CEEE3C8}.Release|Any CPU.Build.0 = Release|Any CPU
	EndGlobalSection
	GlobalSection(SolutionProperties) = preSolution
		HideSolutionNode = FALSE
	EndGlobalSection
	GlobalSection(ExtensibilityGlobals) = postSolution
		SolutionGuid = {42FCDD5F-7D14-4172-845C-0D4CE318B645}
	EndGlobalSection
EndGlobal
