
Microsoft Visual Studio Solution File, Format Version 12.00
# Visual Studio Version 17
VisualStudioVersion = 17.2.32616.157
MinimumVisualStudioVersion = 10.0.40219.1
Project("{FAE04EC0-301F-11D3-BF4B-00C04F79EFBC}") = "ClassesMetodosAbstratos", "ClassesMetodosAbstratos\ClassesMetodosAbstratos.csproj", "{9972457A-4610-4344-B68B-E8E822F3E41C}"
EndProject
Global
	GlobalSection(SolutionConfigurationPlatforms) = preSolution
		Debug|Any CPU = Debug|Any CPU
		Release|Any CPU = Release|Any CPU
	EndGlobalSection
	GlobalSection(ProjectConfigurationPlatforms) = postSolution
		{9972457A-4610-4344-B68B-E8E822F3E41C}.Debug|Any CPU.ActiveCfg = Debug|Any CPU
		{9972457A-4610-4344-B68B-E8E822F3E41C}.Debug|Any CPU.Build.0 = Debug|Any CPU
		{9972457A-4610-4344-B68B-E8E822F3E41C}.Release|Any CPU.ActiveCfg = Release|Any CPU
		{9972457A-4610-4344-B68B-E8E822F3E41C}.Release|Any CPU.Build.0 = Release|Any CPU
	EndGlobalSection
	GlobalSection(SolutionProperties) = preSolution
		HideSolutionNode = FALSE
	EndGlobalSection
	GlobalSection(ExtensibilityGlobals) = postSolution
		SolutionGuid = {E89D23F6-6B8D-47E9-AF79-E804286BECF6}
	EndGlobalSection
EndGlobal
