
Microsoft Visual Studio Solution File, Format Version 12.00
# Visual Studio Version 17
VisualStudioVersion = 17.2.32616.157
MinimumVisualStudioVersion = 10.0.40219.1
Project("{FAE04EC0-301F-11D3-BF4B-00C04F79EFBC}") = "OperadorThis", "OperadorThis\OperadorThis.csproj", "{C63B7271-0D07-4138-BD3F-DBA2701D60A8}"
EndProject
Global
	GlobalSection(SolutionConfigurationPlatforms) = preSolution
		Debug|Any CPU = Debug|Any CPU
		Release|Any CPU = Release|Any CPU
	EndGlobalSection
	GlobalSection(ProjectConfigurationPlatforms) = postSolution
		{C63B7271-0D07-4138-BD3F-DBA2701D60A8}.Debug|Any CPU.ActiveCfg = Debug|Any CPU
		{C63B7271-0D07-4138-BD3F-DBA2701D60A8}.Debug|Any CPU.Build.0 = Debug|Any CPU
		{C63B7271-0D07-4138-BD3F-DBA2701D60A8}.Release|Any CPU.ActiveCfg = Release|Any CPU
		{C63B7271-0D07-4138-BD3F-DBA2701D60A8}.Release|Any CPU.Build.0 = Release|Any CPU
	EndGlobalSection
	GlobalSection(SolutionProperties) = preSolution
		HideSolutionNode = FALSE
	EndGlobalSection
	GlobalSection(ExtensibilityGlobals) = postSolution
		SolutionGuid = {3FC34AA4-8556-4355-AB5F-D50EA10C573F}
	EndGlobalSection
EndGlobal
