
Microsoft Visual Studio Solution File, Format Version 12.00
# Visual Studio Version 17
VisualStudioVersion = 17.2.32616.157
MinimumVisualStudioVersion = 10.0.40219.1
Project("{FAE04EC0-301F-11D3-BF4B-00C04F79EFBC}") = "ConstrutoresDestrutores", "ConstrutoresDestrutores\ConstrutoresDestrutores.csproj", "{F9C1852C-6F49-45FE-835B-143F4E79B8F6}"
EndProject
Global
	GlobalSection(SolutionConfigurationPlatforms) = preSolution
		Debug|Any CPU = Debug|Any CPU
		Release|Any CPU = Release|Any CPU
	EndGlobalSection
	GlobalSection(ProjectConfigurationPlatforms) = postSolution
		{F9C1852C-6F49-45FE-835B-143F4E79B8F6}.Debug|Any CPU.ActiveCfg = Debug|Any CPU
		{F9C1852C-6F49-45FE-835B-143F4E79B8F6}.Debug|Any CPU.Build.0 = Debug|Any CPU
		{F9C1852C-6F49-45FE-835B-143F4E79B8F6}.Release|Any CPU.ActiveCfg = Release|Any CPU
		{F9C1852C-6F49-45FE-835B-143F4E79B8F6}.Release|Any CPU.Build.0 = Release|Any CPU
	EndGlobalSection
	GlobalSection(SolutionProperties) = preSolution
		HideSolutionNode = FALSE
	EndGlobalSection
	GlobalSection(ExtensibilityGlobals) = postSolution
		SolutionGuid = {AF4D1ECD-2F44-4DAE-9487-10EB6050C66B}
	EndGlobalSection
EndGlobal
